
Microsoft Visual Studio Solution File, Format Version 12.00
# Visual Studio Version 17
VisualStudioVersion = 17.13.35818.85 d17.13
MinimumVisualStudioVersion = 10.0.40219.1
Project("{FAE04EC0-301F-11D3-BF4B-00C04F79EFBC}") = "test1", "test1\test1.csproj", "{A0F8C56D-5393-4759-8C39-ECF7F3F9E13E}"
EndProject
Global
	GlobalSection(SolutionConfigurationPlatforms) = preSolution
		Debug|Any CPU = Debug|Any CPU
		Release|Any CPU = Release|Any CPU
	EndGlobalSection
	GlobalSection(ProjectConfigurationPlatforms) = postSolution
		{A0F8C56D-5393-4759-8C39-ECF7F3F9E13E}.Debug|Any CPU.ActiveCfg = Debug|Any CPU
		{A0F8C56D-5393-4759-8C39-ECF7F3F9E13E}.Debug|Any CPU.Build.0 = Debug|Any CPU
		{A0F8C56D-5393-4759-8C39-ECF7F3F9E13E}.Release|Any CPU.ActiveCfg = Release|Any CPU
		{A0F8C56D-5393-4759-8C39-ECF7F3F9E13E}.Release|Any CPU.Build.0 = Release|Any CPU
	EndGlobalSection
	GlobalSection(SolutionProperties) = preSolution
		HideSolutionNode = FALSE
	EndGlobalSection
	GlobalSection(ExtensibilityGlobals) = postSolution
		SolutionGuid = {A74B0D96-BE1C-49AA-A637-C075BBA9C977}
	EndGlobalSection
EndGlobal
